// !$*UTF8*$!
{
	archiveVersion = 1;
	classes = {
	};
	objectVersion = 50;
	objects = {

/* Begin PBXBuildFile section */
		237170BCA013A065C1BB38BB /* Pods_ios_sampleUITests.framework in Frameworks */ = {isa = PBXBuildFile; fileRef = 1A64FED4F7290575EA7BE12C /* Pods_ios_sampleUITests.framework */; };
		700F27CE21127B46009FE158 /* AppDelegate.swift in Sources */ = {isa = PBXBuildFile; fileRef = 700F27CD21127B46009FE158 /* AppDelegate.swift */; };
		700F27D021127B46009FE158 /* ViewController.swift in Sources */ = {isa = PBXBuildFile; fileRef = 700F27CF21127B46009FE158 /* ViewController.swift */; };
		700F27D321127B46009FE158 /* Main.storyboard in Resources */ = {isa = PBXBuildFile; fileRef = 700F27D121127B46009FE158 /* Main.storyboard */; };
		700F27D521127B49009FE158 /* Assets.xcassets in Resources */ = {isa = PBXBuildFile; fileRef = 700F27D421127B49009FE158 /* Assets.xcassets */; };
		700F27D821127B49009FE158 /* LaunchScreen.storyboard in Resources */ = {isa = PBXBuildFile; fileRef = 700F27D621127B49009FE158 /* LaunchScreen.storyboard */; };
		700F27E321127B49009FE158 /* ios_sampleTests.swift in Sources */ = {isa = PBXBuildFile; fileRef = 700F27E221127B49009FE158 /* ios_sampleTests.swift */; };
		700F27EE21127B49009FE158 /* ios_sampleUITests.swift in Sources */ = {isa = PBXBuildFile; fileRef = 700F27ED21127B49009FE158 /* ios_sampleUITests.swift */; };
		B2CCB8C863903079FCD19EEF /* Pods_ios_sampleTests.framework in Frameworks */ = {isa = PBXBuildFile; fileRef = 96E57F984ECFA44206D616AE /* Pods_ios_sampleTests.framework */; };
		CAC8A302E17B52E31950F26D /* Pods_ios_sample.framework in Frameworks */ = {isa = PBXBuildFile; fileRef = 1D8AFBD433DEC05CBCC47706 /* Pods_ios_sample.framework */; };
/* End PBXBuildFile section */

/* Begin PBXContainerItemProxy section */
		700F27DF21127B49009FE158 /* PBXContainerItemProxy */ = {
			isa = PBXContainerItemProxy;
			containerPortal = 700F27C221127B46009FE158 /* Project object */;
			proxyType = 1;
			remoteGlobalIDString = 700F27C921127B46009FE158;
			remoteInfo = ios_sample;
		};
		700F27EA21127B49009FE158 /* PBXContainerItemProxy */ = {
			isa = PBXContainerItemProxy;
			containerPortal = 700F27C221127B46009FE158 /* Project object */;
			proxyType = 1;
			remoteGlobalIDString = 700F27C921127B46009FE158;
			remoteInfo = ios_sample;
		};
/* End PBXContainerItemProxy section */

/* Begin PBXFileReference section */
		0CC1C39F2FE724F277A08E79 /* Pods-ios_sampleTests.release.xcconfig */ = {isa = PBXFileReference; includeInIndex = 1; lastKnownFileType = text.xcconfig; name = "Pods-ios_sampleTests.release.xcconfig"; path = "Pods/Target Support Files/Pods-ios_sampleTests/Pods-ios_sampleTests.release.xcconfig"; sourceTree = "<group>"; };
		12722C69A3187D06EAA27635 /* Pods-ios_sample.release.xcconfig */ = {isa = PBXFileReference; includeInIndex = 1; lastKnownFileType = text.xcconfig; name = "Pods-ios_sample.release.xcconfig"; path = "Pods/Target Support Files/Pods-ios_sample/Pods-ios_sample.release.xcconfig"; sourceTree = "<group>"; };
		1A64FED4F7290575EA7BE12C /* Pods_ios_sampleUITests.framework */ = {isa = PBXFileReference; explicitFileType = wrapper.framework; includeInIndex = 0; path = Pods_ios_sampleUITests.framework; sourceTree = BUILT_PRODUCTS_DIR; };
		1D8AFBD433DEC05CBCC47706 /* Pods_ios_sample.framework */ = {isa = PBXFileReference; explicitFileType = wrapper.framework; includeInIndex = 0; path = Pods_ios_sample.framework; sourceTree = BUILT_PRODUCTS_DIR; };
		5E3B522A02DC968EC5302FD3 /* Pods-ios_sampleUITests.debug.xcconfig */ = {isa = PBXFileReference; includeInIndex = 1; lastKnownFileType = text.xcconfig; name = "Pods-ios_sampleUITests.debug.xcconfig"; path = "Pods/Target Support Files/Pods-ios_sampleUITests/Pods-ios_sampleUITests.debug.xcconfig"; sourceTree = "<group>"; };
		700F27CA21127B46009FE158 /* ios_sample.app */ = {isa = PBXFileReference; explicitFileType = wrapper.application; includeInIndex = 0; path = ios_sample.app; sourceTree = BUILT_PRODUCTS_DIR; };
		700F27CD21127B46009FE158 /* AppDelegate.swift */ = {isa = PBXFileReference; lastKnownFileType = sourcecode.swift; path = AppDelegate.swift; sourceTree = "<group>"; };
		700F27CF21127B46009FE158 /* ViewController.swift */ = {isa = PBXFileReference; lastKnownFileType = sourcecode.swift; path = ViewController.swift; sourceTree = "<group>"; };
		700F27D221127B46009FE158 /* Base */ = {isa = PBXFileReference; lastKnownFileType = file.storyboard; name = Base; path = Base.lproj/Main.storyboard; sourceTree = "<group>"; };
		700F27D421127B49009FE158 /* Assets.xcassets */ = {isa = PBXFileReference; lastKnownFileType = folder.assetcatalog; path = Assets.xcassets; sourceTree = "<group>"; };
		700F27D721127B49009FE158 /* Base */ = {isa = PBXFileReference; lastKnownFileType = file.storyboard; name = Base; path = Base.lproj/LaunchScreen.storyboard; sourceTree = "<group>"; };
		700F27D921127B49009FE158 /* Info.plist */ = {isa = PBXFileReference; lastKnownFileType = text.plist.xml; path = Info.plist; sourceTree = "<group>"; };
		700F27DE21127B49009FE158 /* ios_sampleTests.xctest */ = {isa = PBXFileReference; explicitFileType = wrapper.cfbundle; includeInIndex = 0; path = ios_sampleTests.xctest; sourceTree = BUILT_PRODUCTS_DIR; };
		700F27E221127B49009FE158 /* ios_sampleTests.swift */ = {isa = PBXFileReference; lastKnownFileType = sourcecode.swift; path = ios_sampleTests.swift; sourceTree = "<group>"; };
		700F27E421127B49009FE158 /* Info.plist */ = {isa = PBXFileReference; lastKnownFileType = text.plist.xml; path = Info.plist; sourceTree = "<group>"; };
		700F27E921127B49009FE158 /* ios_sampleUITests.xctest */ = {isa = PBXFileReference; explicitFileType = wrapper.cfbundle; includeInIndex = 0; path = ios_sampleUITests.xctest; sourceTree = BUILT_PRODUCTS_DIR; };
		700F27ED21127B49009FE158 /* ios_sampleUITests.swift */ = {isa = PBXFileReference; lastKnownFileType = sourcecode.swift; path = ios_sampleUITests.swift; sourceTree = "<group>"; };
		700F27EF21127B49009FE158 /* Info.plist */ = {isa = PBXFileReference; lastKnownFileType = text.plist.xml; path = Info.plist; sourceTree = "<group>"; };
		937ECA22B5F1DF464E6BCFEC /* Pods-ios_sampleTests.debug.xcconfig */ = {isa = PBXFileReference; includeInIndex = 1; lastKnownFileType = text.xcconfig; name = "Pods-ios_sampleTests.debug.xcconfig"; path = "Pods/Target Support Files/Pods-ios_sampleTests/Pods-ios_sampleTests.debug.xcconfig"; sourceTree = "<group>"; };
		96E57F984ECFA44206D616AE /* Pods_ios_sampleTests.framework */ = {isa = PBXFileReference; explicitFileType = wrapper.framework; includeInIndex = 0; path = Pods_ios_sampleTests.framework; sourceTree = BUILT_PRODUCTS_DIR; };
		C54F60BA644197878CFECF29 /* Pods-ios_sample.debug.xcconfig */ = {isa = PBXFileReference; includeInIndex = 1; lastKnownFileType = text.xcconfig; name = "Pods-ios_sample.debug.xcconfig"; path = "Pods/Target Support Files/Pods-ios_sample/Pods-ios_sample.debug.xcconfig"; sourceTree = "<group>"; };
		EA6860DF4695F7174B3B2ECF /* Pods-ios_sampleUITests.release.xcconfig */ = {isa = PBXFileReference; includeInIndex = 1; lastKnownFileType = text.xcconfig; name = "Pods-ios_sampleUITests.release.xcconfig"; path = "Pods/Target Support Files/Pods-ios_sampleUITests/Pods-ios_sampleUITests.release.xcconfig"; sourceTree = "<group>"; };
/* End PBXFileReference section */

/* Begin PBXFrameworksBuildPhase section */
		700F27C721127B46009FE158 /* Frameworks */ = {
			isa = PBXFrameworksBuildPhase;
			buildActionMask = 2147483647;
			files = (
				CAC8A302E17B52E31950F26D /* Pods_ios_sample.framework in Frameworks */,
			);
			runOnlyForDeploymentPostprocessing = 0;
		};
		700F27DB21127B49009FE158 /* Frameworks */ = {
			isa = PBXFrameworksBuildPhase;
			buildActionMask = 2147483647;
			files = (
				B2CCB8C863903079FCD19EEF /* Pods_ios_sampleTests.framework in Frameworks */,
			);
			runOnlyForDeploymentPostprocessing = 0;
		};
		700F27E621127B49009FE158 /* Frameworks */ = {
			isa = PBXFrameworksBuildPhase;
			buildActionMask = 2147483647;
			files = (
				237170BCA013A065C1BB38BB /* Pods_ios_sampleUITests.framework in Frameworks */,
			);
			runOnlyForDeploymentPostprocessing = 0;
		};
/* End PBXFrameworksBuildPhase section */

/* Begin PBXGroup section */
		700F27C121127B46009FE158 = {
			isa = PBXGroup;
			children = (
				700F27CC21127B46009FE158 /* ios_sample */,
				700F27E121127B49009FE158 /* ios_sampleTests */,
				700F27EC21127B49009FE158 /* ios_sampleUITests */,
				700F27CB21127B46009FE158 /* Products */,
				7C7C25CAD7667AE7FF8333CD /* Pods */,
				B528AC8441688EF8121D8DC3 /* Frameworks */,
			);
			sourceTree = "<group>";
		};
		700F27CB21127B46009FE158 /* Products */ = {
			isa = PBXGroup;
			children = (
				700F27CA21127B46009FE158 /* ios_sample.app */,
				700F27DE21127B49009FE158 /* ios_sampleTests.xctest */,
				700F27E921127B49009FE158 /* ios_sampleUITests.xctest */,
			);
			name = Products;
			sourceTree = "<group>";
		};
		700F27CC21127B46009FE158 /* ios_sample */ = {
			isa = PBXGroup;
			children = (
				700F27CD21127B46009FE158 /* AppDelegate.swift */,
				700F27CF21127B46009FE158 /* ViewController.swift */,
				700F27D121127B46009FE158 /* Main.storyboard */,
				700F27D421127B49009FE158 /* Assets.xcassets */,
				700F27D621127B49009FE158 /* LaunchScreen.storyboard */,
				700F27D921127B49009FE158 /* Info.plist */,
			);
			path = ios_sample;
			sourceTree = "<group>";
		};
		700F27E121127B49009FE158 /* ios_sampleTests */ = {
			isa = PBXGroup;
			children = (
				700F27E221127B49009FE158 /* ios_sampleTests.swift */,
				700F27E421127B49009FE158 /* Info.plist */,
			);
			path = ios_sampleTests;
			sourceTree = "<group>";
		};
		700F27EC21127B49009FE158 /* ios_sampleUITests */ = {
			isa = PBXGroup;
			children = (
				700F27ED21127B49009FE158 /* ios_sampleUITests.swift */,
				700F27EF21127B49009FE158 /* Info.plist */,
			);
			path = ios_sampleUITests;
			sourceTree = "<group>";
		};
		7C7C25CAD7667AE7FF8333CD /* Pods */ = {
			isa = PBXGroup;
			children = (
				C54F60BA644197878CFECF29 /* Pods-ios_sample.debug.xcconfig */,
				12722C69A3187D06EAA27635 /* Pods-ios_sample.release.xcconfig */,
				937ECA22B5F1DF464E6BCFEC /* Pods-ios_sampleTests.debug.xcconfig */,
				0CC1C39F2FE724F277A08E79 /* Pods-ios_sampleTests.release.xcconfig */,
				5E3B522A02DC968EC5302FD3 /* Pods-ios_sampleUITests.debug.xcconfig */,
				EA6860DF4695F7174B3B2ECF /* Pods-ios_sampleUITests.release.xcconfig */,
			);
			name = Pods;
			sourceTree = "<group>";
		};
		B528AC8441688EF8121D8DC3 /* Frameworks */ = {
			isa = PBXGroup;
			children = (
				1D8AFBD433DEC05CBCC47706 /* Pods_ios_sample.framework */,
				96E57F984ECFA44206D616AE /* Pods_ios_sampleTests.framework */,
				1A64FED4F7290575EA7BE12C /* Pods_ios_sampleUITests.framework */,
			);
			name = Frameworks;
			sourceTree = "<group>";
		};
/* End PBXGroup section */

/* Begin PBXNativeTarget section */
		700F27C921127B46009FE158 /* ios_sample */ = {
			isa = PBXNativeTarget;
			buildConfigurationList = 700F27F221127B49009FE158 /* Build configuration list for PBXNativeTarget "ios_sample" */;
			buildPhases = (
				7ACE5EB280D041A9BC0C3487 /* [CP] Check Pods Manifest.lock */,
				700F27C621127B46009FE158 /* Sources */,
				700F27C721127B46009FE158 /* Frameworks */,
				700F27C821127B46009FE158 /* Resources */,
				2CC5D6725B9291EB177C186C /* [CP] Embed Pods Frameworks */,
				011CCFC328F6030EE7E5C350 /* [CP] Copy Pods Resources */,
			);
			buildRules = (
			);
			dependencies = (
			);
			name = ios_sample;
			productName = ios_sample;
			productReference = 700F27CA21127B46009FE158 /* ios_sample.app */;
			productType = "com.apple.product-type.application";
		};
		700F27DD21127B49009FE158 /* ios_sampleTests */ = {
			isa = PBXNativeTarget;
			buildConfigurationList = 700F27F521127B49009FE158 /* Build configuration list for PBXNativeTarget "ios_sampleTests" */;
			buildPhases = (
				0E220E93132FD3E3AE2C02E0 /* [CP] Check Pods Manifest.lock */,
				700F27DA21127B49009FE158 /* Sources */,
				700F27DB21127B49009FE158 /* Frameworks */,
				700F27DC21127B49009FE158 /* Resources */,
				0059FFF8BC6C33B30CDC073F /* [CP] Embed Pods Frameworks */,
				43CFBB175F26716A1D1854D1 /* [CP] Copy Pods Resources */,
			);
			buildRules = (
			);
			dependencies = (
				700F27E021127B49009FE158 /* PBXTargetDependency */,
			);
			name = ios_sampleTests;
			productName = ios_sampleTests;
			productReference = 700F27DE21127B49009FE158 /* ios_sampleTests.xctest */;
			productType = "com.apple.product-type.bundle.unit-test";
		};
		700F27E821127B49009FE158 /* ios_sampleUITests */ = {
			isa = PBXNativeTarget;
			buildConfigurationList = 700F27F821127B49009FE158 /* Build configuration list for PBXNativeTarget "ios_sampleUITests" */;
			buildPhases = (
				75C3A3A5C88ADFC82C4BE89F /* [CP] Check Pods Manifest.lock */,
				700F27E521127B49009FE158 /* Sources */,
				700F27E621127B49009FE158 /* Frameworks */,
				700F27E721127B49009FE158 /* Resources */,
				1175F050CB2863CC65176029 /* [CP] Embed Pods Frameworks */,
				D746CEF29C4F0E8A4A75AD7B /* [CP] Copy Pods Resources */,
			);
			buildRules = (
			);
			dependencies = (
				700F27EB21127B49009FE158 /* PBXTargetDependency */,
			);
			name = ios_sampleUITests;
			productName = ios_sampleUITests;
			productReference = 700F27E921127B49009FE158 /* ios_sampleUITests.xctest */;
			productType = "com.apple.product-type.bundle.ui-testing";
		};
/* End PBXNativeTarget section */

/* Begin PBXProject section */
		700F27C221127B46009FE158 /* Project object */ = {
			isa = PBXProject;
			attributes = {
				LastSwiftUpdateCheck = 0940;
				LastUpgradeCheck = 0940;
				ORGANIZATIONNAME = hiratama;
				TargetAttributes = {
					700F27C921127B46009FE158 = {
						CreatedOnToolsVersion = 9.4.1;
					};
					700F27DD21127B49009FE158 = {
						CreatedOnToolsVersion = 9.4.1;
						TestTargetID = 700F27C921127B46009FE158;
					};
					700F27E821127B49009FE158 = {
						CreatedOnToolsVersion = 9.4.1;
						TestTargetID = 700F27C921127B46009FE158;
					};
				};
			};
			buildConfigurationList = 700F27C521127B46009FE158 /* Build configuration list for PBXProject "ios_sample" */;
			compatibilityVersion = "Xcode 9.3";
			developmentRegion = en;
			hasScannedForEncodings = 0;
			knownRegions = (
				en,
				Base,
			);
			mainGroup = 700F27C121127B46009FE158;
			productRefGroup = 700F27CB21127B46009FE158 /* Products */;
			projectDirPath = "";
			projectRoot = "";
			targets = (
				700F27C921127B46009FE158 /* ios_sample */,
				700F27DD21127B49009FE158 /* ios_sampleTests */,
				700F27E821127B49009FE158 /* ios_sampleUITests */,
			);
		};
/* End PBXProject section */

/* Begin PBXResourcesBuildPhase section */
		700F27C821127B46009FE158 /* Resources */ = {
			isa = PBXResourcesBuildPhase;
			buildActionMask = 2147483647;
			files = (
				700F27D821127B49009FE158 /* LaunchScreen.storyboard in Resources */,
				700F27D521127B49009FE158 /* Assets.xcassets in Resources */,
				700F27D321127B46009FE158 /* Main.storyboard in Resources */,
			);
			runOnlyForDeploymentPostprocessing = 0;
		};
		700F27DC21127B49009FE158 /* Resources */ = {
			isa = PBXResourcesBuildPhase;
			buildActionMask = 2147483647;
			files = (
			);
			runOnlyForDeploymentPostprocessing = 0;
		};
		700F27E721127B49009FE158 /* Resources */ = {
			isa = PBXResourcesBuildPhase;
			buildActionMask = 2147483647;
			files = (
			);
			runOnlyForDeploymentPostprocessing = 0;
		};
/* End PBXResourcesBuildPhase section */

/* Begin PBXShellScriptBuildPhase section */
		0059FFF8BC6C33B30CDC073F /* [CP] Embed Pods Frameworks */ = {
			isa = PBXShellScriptBuildPhase;
			buildActionMask = 2147483647;
			files = (
			);
			inputPaths = (
			);
			name = "[CP] Embed Pods Frameworks";
			outputPaths = (
			);
			runOnlyForDeploymentPostprocessing = 0;
			shellPath = /bin/sh;
			shellScript = "\"${SRCROOT}/Pods/Target Support Files/Pods-ios_sampleTests/Pods-ios_sampleTests-frameworks.sh\"\n";
			showEnvVarsInLog = 0;
		};
		011CCFC328F6030EE7E5C350 /* [CP] Copy Pods Resources */ = {
			isa = PBXShellScriptBuildPhase;
			buildActionMask = 2147483647;
			files = (
			);
			inputPaths = (
				"${SRCROOT}/Pods/Target Support Files/Pods-ios_sample/Pods-ios_sample-resources.sh",
				"${PODS_ROOT}/Repro/Repro.embeddedframework/Resources/ReproSDKResources.bundle",
			);
			name = "[CP] Copy Pods Resources";
			outputPaths = (
				"${TARGET_BUILD_DIR}/${UNLOCALIZED_RESOURCES_FOLDER_PATH}/ReproSDKResources.bundle",
			);
			runOnlyForDeploymentPostprocessing = 0;
			shellPath = /bin/sh;
			shellScript = "\"${SRCROOT}/Pods/Target Support Files/Pods-ios_sample/Pods-ios_sample-resources.sh\"\n";
			showEnvVarsInLog = 0;
		};
		0E220E93132FD3E3AE2C02E0 /* [CP] Check Pods Manifest.lock */ = {
			isa = PBXShellScriptBuildPhase;
			buildActionMask = 2147483647;
			files = (
			);
			inputPaths = (
				"${PODS_PODFILE_DIR_PATH}/Podfile.lock",
				"${PODS_ROOT}/Manifest.lock",
			);
			name = "[CP] Check Pods Manifest.lock";
			outputPaths = (
				"$(DERIVED_FILE_DIR)/Pods-ios_sampleTests-checkManifestLockResult.txt",
			);
			runOnlyForDeploymentPostprocessing = 0;
			shellPath = /bin/sh;
			shellScript = "diff \"${PODS_PODFILE_DIR_PATH}/Podfile.lock\" \"${PODS_ROOT}/Manifest.lock\" > /dev/null\nif [ $? != 0 ] ; then\n    # print error to STDERR\n    echo \"error: The sandbox is not in sync with the Podfile.lock. Run 'pod install' or update your CocoaPods installation.\" >&2\n    exit 1\nfi\n# This output is used by Xcode 'outputs' to avoid re-running this script phase.\necho \"SUCCESS\" > \"${SCRIPT_OUTPUT_FILE_0}\"\n";
			showEnvVarsInLog = 0;
		};
		1175F050CB2863CC65176029 /* [CP] Embed Pods Frameworks */ = {
			isa = PBXShellScriptBuildPhase;
			buildActionMask = 2147483647;
			files = (
			);
			inputPaths = (
			);
			name = "[CP] Embed Pods Frameworks";
			outputPaths = (
			);
			runOnlyForDeploymentPostprocessing = 0;
			shellPath = /bin/sh;
			shellScript = "\"${SRCROOT}/Pods/Target Support Files/Pods-ios_sampleUITests/Pods-ios_sampleUITests-frameworks.sh\"\n";
			showEnvVarsInLog = 0;
		};
		2CC5D6725B9291EB177C186C /* [CP] Embed Pods Frameworks */ = {
			isa = PBXShellScriptBuildPhase;
			buildActionMask = 2147483647;
			files = (
			);
			inputPaths = (
			);
			name = "[CP] Embed Pods Frameworks";
			outputPaths = (
			);
			runOnlyForDeploymentPostprocessing = 0;
			shellPath = /bin/sh;
			shellScript = "\"${SRCROOT}/Pods/Target Support Files/Pods-ios_sample/Pods-ios_sample-frameworks.sh\"\n";
			showEnvVarsInLog = 0;
		};
		43CFBB175F26716A1D1854D1 /* [CP] Copy Pods Resources */ = {
			isa = PBXShellScriptBuildPhase;
			buildActionMask = 2147483647;
			files = (
			);
			inputPaths = (
			);
			name = "[CP] Copy Pods Resources";
			outputPaths = (
			);
			runOnlyForDeploymentPostprocessing = 0;
			shellPath = /bin/sh;
			shellScript = "\"${SRCROOT}/Pods/Target Support Files/Pods-ios_sampleTests/Pods-ios_sampleTests-resources.sh\"\n";
			showEnvVarsInLog = 0;
		};
		75C3A3A5C88ADFC82C4BE89F /* [CP] Check Pods Manifest.lock */ = {
			isa = PBXShellScriptBuildPhase;
			buildActionMask = 2147483647;
			files = (
			);
			inputPaths = (
				"${PODS_PODFILE_DIR_PATH}/Podfile.lock",
				"${PODS_ROOT}/Manifest.lock",
			);
			name = "[CP] Check Pods Manifest.lock";
			outputPaths = (
				"$(DERIVED_FILE_DIR)/Pods-ios_sampleUITests-checkManifestLockResult.txt",
			);
			runOnlyForDeploymentPostprocessing = 0;
			shellPath = /bin/sh;
			shellScript = "diff \"${PODS_PODFILE_DIR_PATH}/Podfile.lock\" \"${PODS_ROOT}/Manifest.lock\" > /dev/null\nif [ $? != 0 ] ; then\n    # print error to STDERR\n    echo \"error: The sandbox is not in sync with the Podfile.lock. Run 'pod install' or update your CocoaPods installation.\" >&2\n    exit 1\nfi\n# This output is used by Xcode 'outputs' to avoid re-running this script phase.\necho \"SUCCESS\" > \"${SCRIPT_OUTPUT_FILE_0}\"\n";
			showEnvVarsInLog = 0;
		};
		7ACE5EB280D041A9BC0C3487 /* [CP] Check Pods Manifest.lock */ = {
			isa = PBXShellScriptBuildPhase;
			buildActionMask = 2147483647;
			files = (
			);
			inputPaths = (
				"${PODS_PODFILE_DIR_PATH}/Podfile.lock",
				"${PODS_ROOT}/Manifest.lock",
			);
			name = "[CP] Check Pods Manifest.lock";
			outputPaths = (
				"$(DERIVED_FILE_DIR)/Pods-ios_sample-checkManifestLockResult.txt",
			);
			runOnlyForDeploymentPostprocessing = 0;
			shellPath = /bin/sh;
			shellScript = "diff \"${PODS_PODFILE_DIR_PATH}/Podfile.lock\" \"${PODS_ROOT}/Manifest.lock\" > /dev/null\nif [ $? != 0 ] ; then\n    # print error to STDERR\n    echo \"error: The sandbox is not in sync with the Podfile.lock. Run 'pod install' or update your CocoaPods installation.\" >&2\n    exit 1\nfi\n# This output is used by Xcode 'outputs' to avoid re-running this script phase.\necho \"SUCCESS\" > \"${SCRIPT_OUTPUT_FILE_0}\"\n";
			showEnvVarsInLog = 0;
		};
		D746CEF29C4F0E8A4A75AD7B /* [CP] Copy Pods Resources */ = {
			isa = PBXShellScriptBuildPhase;
			buildActionMask = 2147483647;
			files = (
			);
			inputPaths = (
			);
			name = "[CP] Copy Pods Resources";
			outputPaths = (
			);
			runOnlyForDeploymentPostprocessing = 0;
			shellPath = /bin/sh;
			shellScript = "\"${SRCROOT}/Pods/Target Support Files/Pods-ios_sampleUITests/Pods-ios_sampleUITests-resources.sh\"\n";
			showEnvVarsInLog = 0;
		};
/* End PBXShellScriptBuildPhase section */

/* Begin PBXSourcesBuildPhase section */
		700F27C621127B46009FE158 /* Sources */ = {
			isa = PBXSourcesBuildPhase;
			buildActionMask = 2147483647;
			files = (
				700F27D021127B46009FE158 /* ViewController.swift in Sources */,
				700F27CE21127B46009FE158 /* AppDelegate.swift in Sources */,
			);
			runOnlyForDeploymentPostprocessing = 0;
		};
		700F27DA21127B49009FE158 /* Sources */ = {
			isa = PBXSourcesBuildPhase;
			buildActionMask = 2147483647;
			files = (
				700F27E321127B49009FE158 /* ios_sampleTests.swift in Sources */,
			);
			runOnlyForDeploymentPostprocessing = 0;
		};
		700F27E521127B49009FE158 /* Sources */ = {
			isa = PBXSourcesBuildPhase;
			buildActionMask = 2147483647;
			files = (
				700F27EE21127B49009FE158 /* ios_sampleUITests.swift in Sources */,
			);
			runOnlyForDeploymentPostprocessing = 0;
		};
/* End PBXSourcesBuildPhase section */

/* Begin PBXTargetDependency section */
		700F27E021127B49009FE158 /* PBXTargetDependency */ = {
			isa = PBXTargetDependency;
			target = 700F27C921127B46009FE158 /* ios_sample */;
			targetProxy = 700F27DF21127B49009FE158 /* PBXContainerItemProxy */;
		};
		700F27EB21127B49009FE158 /* PBXTargetDependency */ = {
			isa = PBXTargetDependency;
			target = 700F27C921127B46009FE158 /* ios_sample */;
			targetProxy = 700F27EA21127B49009FE158 /* PBXContainerItemProxy */;
		};
/* End PBXTargetDependency section */

/* Begin PBXVariantGroup section */
		700F27D121127B46009FE158 /* Main.storyboard */ = {
			isa = PBXVariantGroup;
			children = (
				700F27D221127B46009FE158 /* Base */,
			);
			name = Main.storyboard;
			sourceTree = "<group>";
		};
		700F27D621127B49009FE158 /* LaunchScreen.storyboard */ = {
			isa = PBXVariantGroup;
			children = (
				700F27D721127B49009FE158 /* Base */,
			);
			name = LaunchScreen.storyboard;
			sourceTree = "<group>";
		};
/* End PBXVariantGroup section */

/* Begin XCBuildConfiguration section */
		700F27F021127B49009FE158 /* Debug */ = {
			isa = XCBuildConfiguration;
			buildSettings = {
				ALWAYS_SEARCH_USER_PATHS = NO;
				CLANG_ANALYZER_NONNULL = YES;
				CLANG_ANALYZER_NUMBER_OBJECT_CONVERSION = YES_AGGRESSIVE;
				CLANG_CXX_LANGUAGE_STANDARD = "gnu++14";
				CLANG_CXX_LIBRARY = "libc++";
				CLANG_ENABLE_MODULES = YES;
				CLANG_ENABLE_OBJC_ARC = YES;
				CLANG_ENABLE_OBJC_WEAK = YES;
				CLANG_WARN_BLOCK_CAPTURE_AUTORELEASING = YES;
				CLANG_WARN_BOOL_CONVERSION = YES;
				CLANG_WARN_COMMA = YES;
				CLANG_WARN_CONSTANT_CONVERSION = YES;
				CLANG_WARN_DEPRECATED_OBJC_IMPLEMENTATIONS = YES;
				CLANG_WARN_DIRECT_OBJC_ISA_USAGE = YES_ERROR;
				CLANG_WARN_DOCUMENTATION_COMMENTS = YES;
				CLANG_WARN_EMPTY_BODY = YES;
				CLANG_WARN_ENUM_CONVERSION = YES;
				CLANG_WARN_INFINITE_RECURSION = YES;
				CLANG_WARN_INT_CONVERSION = YES;
				CLANG_WARN_NON_LITERAL_NULL_CONVERSION = YES;
				CLANG_WARN_OBJC_IMPLICIT_RETAIN_SELF = YES;
				CLANG_WARN_OBJC_LITERAL_CONVERSION = YES;
				CLANG_WARN_OBJC_ROOT_CLASS = YES_ERROR;
				CLANG_WARN_RANGE_LOOP_ANALYSIS = YES;
				CLANG_WARN_STRICT_PROTOTYPES = YES;
				CLANG_WARN_SUSPICIOUS_MOVE = YES;
				CLANG_WARN_UNGUARDED_AVAILABILITY = YES_AGGRESSIVE;
				CLANG_WARN_UNREACHABLE_CODE = YES;
				CLANG_WARN__DUPLICATE_METHOD_MATCH = YES;
				CODE_SIGN_IDENTITY = "iPhone Developer";
				COPY_PHASE_STRIP = NO;
				DEBUG_INFORMATION_FORMAT = dwarf;
				ENABLE_STRICT_OBJC_MSGSEND = YES;
				ENABLE_TESTABILITY = YES;
				GCC_C_LANGUAGE_STANDARD = gnu11;
				GCC_DYNAMIC_NO_PIC = NO;
				GCC_NO_COMMON_BLOCKS = YES;
				GCC_OPTIMIZATION_LEVEL = 0;
				GCC_PREPROCESSOR_DEFINITIONS = (
					"DEBUG=1",
					"$(inherited)",
				);
				GCC_WARN_64_TO_32_BIT_CONVERSION = YES;
				GCC_WARN_ABOUT_RETURN_TYPE = YES_ERROR;
				GCC_WARN_UNDECLARED_SELECTOR = YES;
				GCC_WARN_UNINITIALIZED_AUTOS = YES_AGGRESSIVE;
				GCC_WARN_UNUSED_FUNCTION = YES;
				GCC_WARN_UNUSED_VARIABLE = YES;
				IPHONEOS_DEPLOYMENT_TARGET = 11.4;
				MTL_ENABLE_DEBUG_INFO = YES;
				ONLY_ACTIVE_ARCH = YES;
				SDKROOT = iphoneos;
				SWIFT_ACTIVE_COMPILATION_CONDITIONS = DEBUG;
				SWIFT_OPTIMIZATION_LEVEL = "-Onone";
			};
			name = Debug;
		};
		700F27F121127B49009FE158 /* Release */ = {
			isa = XCBuildConfiguration;
			buildSettings = {
				ALWAYS_SEARCH_USER_PATHS = NO;
				CLANG_ANALYZER_NONNULL = YES;
				CLANG_ANALYZER_NUMBER_OBJECT_CONVERSION = YES_AGGRESSIVE;
				CLANG_CXX_LANGUAGE_STANDARD = "gnu++14";
				CLANG_CXX_LIBRARY = "libc++";
				CLANG_ENABLE_MODULES = YES;
				CLANG_ENABLE_OBJC_ARC = YES;
				CLANG_ENABLE_OBJC_WEAK = YES;
				CLANG_WARN_BLOCK_CAPTURE_AUTORELEASING = YES;
				CLANG_WARN_BOOL_CONVERSION = YES;
				CLANG_WARN_COMMA = YES;
				CLANG_WARN_CONSTANT_CONVERSION = YES;
				CLANG_WARN_DEPRECATED_OBJC_IMPLEMENTATIONS = YES;
				CLANG_WARN_DIRECT_OBJC_ISA_USAGE = YES_ERROR;
				CLANG_WARN_DOCUMENTATION_COMMENTS = YES;
				CLANG_WARN_EMPTY_BODY = YES;
				CLANG_WARN_ENUM_CONVERSION = YES;
				CLANG_WARN_INFINITE_RECURSION = YES;
				CLANG_WARN_INT_CONVERSION = YES;
				CLANG_WARN_NON_LITERAL_NULL_CONVERSION = YES;
				CLANG_WARN_OBJC_IMPLICIT_RETAIN_SELF = YES;
				CLANG_WARN_OBJC_LITERAL_CONVERSION = YES;
				CLANG_WARN_OBJC_ROOT_CLASS = YES_ERROR;
				CLANG_WARN_RANGE_LOOP_ANALYSIS = YES;
				CLANG_WARN_STRICT_PROTOTYPES = YES;
				CLANG_WARN_SUSPICIOUS_MOVE = YES;
				CLANG_WARN_UNGUARDED_AVAILABILITY = YES_AGGRESSIVE;
				CLANG_WARN_UNREACHABLE_CODE = YES;
				CLANG_WARN__DUPLICATE_METHOD_MATCH = YES;
				CODE_SIGN_IDENTITY = "iPhone Developer";
				COPY_PHASE_STRIP = NO;
				DEBUG_INFORMATION_FORMAT = "dwarf-with-dsym";
				ENABLE_NS_ASSERTIONS = NO;
				ENABLE_STRICT_OBJC_MSGSEND = YES;
				GCC_C_LANGUAGE_STANDARD = gnu11;
				GCC_NO_COMMON_BLOCKS = YES;
				GCC_WARN_64_TO_32_BIT_CONVERSION = YES;
				GCC_WARN_ABOUT_RETURN_TYPE = YES_ERROR;
				GCC_WARN_UNDECLARED_SELECTOR = YES;
				GCC_WARN_UNINITIALIZED_AUTOS = YES_AGGRESSIVE;
				GCC_WARN_UNUSED_FUNCTION = YES;
				GCC_WARN_UNUSED_VARIABLE = YES;
				IPHONEOS_DEPLOYMENT_TARGET = 11.4;
				MTL_ENABLE_DEBUG_INFO = NO;
				SDKROOT = iphoneos;
				SWIFT_COMPILATION_MODE = wholemodule;
				SWIFT_OPTIMIZATION_LEVEL = "-O";
				VALIDATE_PRODUCT = YES;
			};
			name = Release;
		};
		700F27F321127B49009FE158 /* Debug */ = {
			isa = XCBuildConfiguration;
			baseConfigurationReference = C54F60BA644197878CFECF29 /* Pods-ios_sample.debug.xcconfig */;
			buildSettings = {
				ASSETCATALOG_COMPILER_APPICON_NAME = AppIcon;
				CODE_SIGN_STYLE = Automatic;
				DEVELOPMENT_TEAM = TX7N88DWF3;
				INFOPLIST_FILE = ios_sample/Info.plist;
				LD_RUNPATH_SEARCH_PATHS = "$(inherited) @executable_path/Frameworks";
				PRODUCT_BUNDLE_IDENTIFIER = "com.example.ios-sample";
				PRODUCT_NAME = "$(TARGET_NAME)";
				SWIFT_VERSION = 4.0;
				TARGETED_DEVICE_FAMILY = "1,2";
			};
			name = Debug;
		};
		700F27F421127B49009FE158 /* Release */ = {
			isa = XCBuildConfiguration;
			baseConfigurationReference = 12722C69A3187D06EAA27635 /* Pods-ios_sample.release.xcconfig */;
			buildSettings = {
				ASSETCATALOG_COMPILER_APPICON_NAME = AppIcon;
				CODE_SIGN_STYLE = Automatic;
				DEVELOPMENT_TEAM = TX7N88DWF3;
				INFOPLIST_FILE = ios_sample/Info.plist;
				LD_RUNPATH_SEARCH_PATHS = "$(inherited) @executable_path/Frameworks";
				PRODUCT_BUNDLE_IDENTIFIER = "com.example.ios-sample";
				PRODUCT_NAME = "$(TARGET_NAME)";
				SWIFT_VERSION = 4.0;
				TARGETED_DEVICE_FAMILY = "1,2";
			};
			name = Release;
		};
		700F27F621127B49009FE158 /* Debug */ = {
			isa = XCBuildConfiguration;
			baseConfigurationReference = 937ECA22B5F1DF464E6BCFEC /* Pods-ios_sampleTests.debug.xcconfig */;
			buildSettings = {
				ALWAYS_EMBED_SWIFT_STANDARD_LIBRARIES = YES;
				BUNDLE_LOADER = "$(TEST_HOST)";
				CODE_SIGN_STYLE = Automatic;
				DEVELOPMENT_TEAM = TX7N88DWF3;
				INFOPLIST_FILE = ios_sampleTests/Info.plist;
				LD_RUNPATH_SEARCH_PATHS = "$(inherited) @executable_path/Frameworks @loader_path/Frameworks";
				PRODUCT_BUNDLE_IDENTIFIER = "com.example.ios-sampleTests";
				PRODUCT_NAME = "$(TARGET_NAME)";
				SWIFT_VERSION = 4.0;
				TARGETED_DEVICE_FAMILY = "1,2";
				TEST_HOST = "$(BUILT_PRODUCTS_DIR)/ios_sample.app/ios_sample";
			};
			name = Debug;
		};
		700F27F721127B49009FE158 /* Release */ = {
			isa = XCBuildConfiguration;
			baseConfigurationReference = 0CC1C39F2FE724F277A08E79 /* Pods-ios_sampleTests.release.xcconfig */;
			buildSettings = {
				ALWAYS_EMBED_SWIFT_STANDARD_LIBRARIES = YES;
				BUNDLE_LOADER = "$(TEST_HOST)";
				CODE_SIGN_STYLE = Automatic;
				DEVELOPMENT_TEAM = TX7N88DWF3;
				INFOPLIST_FILE = ios_sampleTests/Info.plist;
				LD_RUNPATH_SEARCH_PATHS = "$(inherited) @executable_path/Frameworks @loader_path/Frameworks";
				PRODUCT_BUNDLE_IDENTIFIER = "com.example.ios-sampleTests";
				PRODUCT_NAME = "$(TARGET_NAME)";
				SWIFT_VERSION = 4.0;
				TARGETED_DEVICE_FAMILY = "1,2";
				TEST_HOST = "$(BUILT_PRODUCTS_DIR)/ios_sample.app/ios_sample";
			};
			name = Release;
		};
		700F27F921127B49009FE158 /* Debug */ = {
			isa = XCBuildConfiguration;
			baseConfigurationReference = 5E3B522A02DC968EC5302FD3 /* Pods-ios_sampleUITests.debug.xcconfig */;
			buildSettings = {
				ALWAYS_EMBED_SWIFT_STANDARD_LIBRARIES = YES;
				CODE_SIGN_STYLE = Automatic;
				DEVELOPMENT_TEAM = TX7N88DWF3;
				INFOPLIST_FILE = ios_sampleUITests/Info.plist;
				LD_RUNPATH_SEARCH_PATHS = "$(inherited) @executable_path/Frameworks @loader_path/Frameworks";
				PRODUCT_BUNDLE_IDENTIFIER = "com.example.ios-sampleUITests";
				PRODUCT_NAME = "$(TARGET_NAME)";
				SWIFT_VERSION = 4.0;
				TARGETED_DEVICE_FAMILY = "1,2";
				TEST_TARGET_NAME = ios_sample;
			};
			name = Debug;
		};
		700F27FA21127B49009FE158 /* Release */ = {
			isa = XCBuildConfiguration;
			baseConfigurationReference = EA6860DF4695F7174B3B2ECF /* Pods-ios_sampleUITests.release.xcconfig */;
			buildSettings = {
				ALWAYS_EMBED_SWIFT_STANDARD_LIBRARIES = YES;
				CODE_SIGN_STYLE = Automatic;
				DEVELOPMENT_TEAM = TX7N88DWF3;
				INFOPLIST_FILE = ios_sampleUITests/Info.plist;
				LD_RUNPATH_SEARCH_PATHS = "$(inherited) @executable_path/Frameworks @loader_path/Frameworks";
				PRODUCT_BUNDLE_IDENTIFIER = "com.example.ios-sampleUITests";
				PRODUCT_NAME = "$(TARGET_NAME)";
				SWIFT_VERSION = 4.0;
				TARGETED_DEVICE_FAMILY = "1,2";
				TEST_TARGET_NAME = ios_sample;
			};
			name = Release;
		};
/* End XCBuildConfiguration section */

/* Begin XCConfigurationList section */
		700F27C521127B46009FE158 /* Build configuration list for PBXProject "ios_sample" */ = {
			isa = XCConfigurationList;
			buildConfigurations = (
				700F27F021127B49009FE158 /* Debug */,
				700F27F121127B49009FE158 /* Release */,
			);
			defaultConfigurationIsVisible = 0;
			defaultConfigurationName = Release;
		};
		700F27F221127B49009FE158 /* Build configuration list for PBXNativeTarget "ios_sample" */ = {
			isa = XCConfigurationList;
			buildConfigurations = (
				700F27F321127B49009FE158 /* Debug */,
				700F27F421127B49009FE158 /* Release */,
			);
			defaultConfigurationIsVisible = 0;
			defaultConfigurationName = Release;
		};
		700F27F521127B49009FE158 /* Build configuration list for PBXNativeTarget "ios_sampleTests" */ = {
			isa = XCConfigurationList;
			buildConfigurations = (
				700F27F621127B49009FE158 /* Debug */,
				700F27F721127B49009FE158 /* Release */,
			);
			defaultConfigurationIsVisible = 0;
			defaultConfigurationName = Release;
		};
		700F27F821127B49009FE158 /* Build configuration list for PBXNativeTarget "ios_sampleUITests" */ = {
			isa = XCConfigurationList;
			buildConfigurations = (
				700F27F921127B49009FE158 /* Debug */,
				700F27FA21127B49009FE158 /* Release */,
			);
			defaultConfigurationIsVisible = 0;
			defaultConfigurationName = Release;
		};
/* End XCConfigurationList section */
	};
	rootObject = 700F27C221127B46009FE158 /* Project object */;
}
