// !$*UTF8*$!
{
	archiveVersion = 1;
	classes = {
	};
	objectVersion = 50;
	objects = {

/* Begin PBXBuildFile section */
		700F27CE21127B46009FE158 /* AppDelegate.swift in Sources */ = {isa = PBXBuildFile; fileRef = 700F27CD21127B46009FE158 /* AppDelegate.swift */; };
		700F27D021127B46009FE158 /* ViewController.swift in Sources */ = {isa = PBXBuildFile; fileRef = 700F27CF21127B46009FE158 /* ViewController.swift */; };
		700F27D321127B46009FE158 /* Main.storyboard in Resources */ = {isa = PBXBuildFile; fileRef = 700F27D121127B46009FE158 /* Main.storyboard */; };
		700F27D521127B49009FE158 /* Assets.xcassets in Resources */ = {isa = PBXBuildFile; fileRef = 700F27D421127B49009FE158 /* Assets.xcassets */; };
		700F27D821127B49009FE158 /* LaunchScreen.storyboard in Resources */ = {isa = PBXBuildFile; fileRef = 700F27D621127B49009FE158 /* LaunchScreen.storyboard */; };
		700F27E321127B49009FE158 /* ios_sampleTests.swift in Sources */ = {isa = PBXBuildFile; fileRef = 700F27E221127B49009FE158 /* ios_sampleTests.swift */; };
		700F27EE21127B49009FE158 /* ios_sampleUITests.swift in Sources */ = {isa = PBXBuildFile; fileRef = 700F27ED21127B49009FE158 /* ios_sampleUITests.swift */; };
/* End PBXBuildFile section */

/* Begin PBXContainerItemProxy section */
		700F27DF21127B49009FE158 /* PBXContainerItemProxy */ = {
			isa = PBXContainerItemProxy;
			containerPortal = 700F27C221127B46009FE158 /* Project object */;
			proxyType = 1;
			remoteGlobalIDString = 700F27C921127B46009FE158;
			remoteInfo = ios_sample;
		};
		700F27EA21127B49009FE158 /* PBXContainerItemProxy */ = {
			isa = PBXContainerItemProxy;
			containerPortal = 700F27C221127B46009FE158 /* Project object */;
			proxyType = 1;
			remoteGlobalIDString = 700F27C921127B46009FE158;
			remoteInfo = ios_sample;
		};
/* End PBXContainerItemProxy section */

/* Begin PBXFileReference section */
		700F27CA21127B46009FE158 /* ios_sample.app */ = {isa = PBXFileReference; explicitFileType = wrapper.application; includeInIndex = 0; path = ios_sample.app; sourceTree = BUILT_PRODUCTS_DIR; };
		700F27CD21127B46009FE158 /* AppDelegate.swift */ = {isa = PBXFileReference; lastKnownFileType = sourcecode.swift; path = AppDelegate.swift; sourceTree = "<group>"; };
		700F27CF21127B46009FE158 /* ViewController.swift */ = {isa = PBXFileReference; lastKnownFileType = sourcecode.swift; path = ViewController.swift; sourceTree = "<group>"; };
		700F27D221127B46009FE158 /* Base */ = {isa = PBXFileReference; lastKnownFileType = file.storyboard; name = Base; path = Base.lproj/Main.storyboard; sourceTree = "<group>"; };
		700F27D421127B49009FE158 /* Assets.xcassets */ = {isa = PBXFileReference; lastKnownFileType = folder.assetcatalog; path = Assets.xcassets; sourceTree = "<group>"; };
		700F27D721127B49009FE158 /* Base */ = {isa = PBXFileReference; lastKnownFileType = file.storyboard; name = Base; path = Base.lproj/LaunchScreen.storyboard; sourceTree = "<group>"; };
		700F27D921127B49009FE158 /* Info.plist */ = {isa = PBXFileReference; lastKnownFileType = text.plist.xml; path = Info.plist; sourceTree = "<group>"; };
		700F27DE21127B49009FE158 /* ios_sampleTests.xctest */ = {isa = PBXFileReference; explicitFileType = wrapper.cfbundle; includeInIndex = 0; path = ios_sampleTests.xctest; sourceTree = BUILT_PRODUCTS_DIR; };
		700F27E221127B49009FE158 /* ios_sampleTests.swift */ = {isa = PBXFileReference; lastKnownFileType = sourcecode.swift; path = ios_sampleTests.swift; sourceTree = "<group>"; };
		700F27E421127B49009FE158 /* Info.plist */ = {isa = PBXFileReference; lastKnownFileType = text.plist.xml; path = Info.plist; sourceTree = "<group>"; };
		700F27E921127B49009FE158 /* ios_sampleUITests.xctest */ = {isa = PBXFileReference; explicitFileType = wrapper.cfbundle; includeInIndex = 0; path = ios_sampleUITests.xctest; sourceTree = BUILT_PRODUCTS_DIR; };
		700F27ED21127B49009FE158 /* ios_sampleUITests.swift */ = {isa = PBXFileReference; lastKnownFileType = sourcecode.swift; path = ios_sampleUITests.swift; sourceTree = "<group>"; };
		700F27EF21127B49009FE158 /* Info.plist */ = {isa = PBXFileReference; lastKnownFileType = text.plist.xml; path = Info.plist; sourceTree = "<group>"; };
/* End PBXFileReference section */

/* Begin PBXFrameworksBuildPhase section */
		700F27C721127B46009FE158 /* Frameworks */ = {
			isa = PBXFrameworksBuildPhase;
			buildActionMask = 2147483647;
			files = (
			);
			runOnlyForDeploymentPostprocessing = 0;
		};
		700F27DB21127B49009FE158 /* Frameworks */ = {
			isa = PBXFrameworksBuildPhase;
			buildActionMask = 2147483647;
			files = (
			);
			runOnlyForDeploymentPostprocessing = 0;
		};
		700F27E621127B49009FE158 /* Frameworks */ = {
			isa = PBXFrameworksBuildPhase;
			buildActionMask = 2147483647;
			files = (
			);
			runOnlyForDeploymentPostprocessing = 0;
		};
/* End PBXFrameworksBuildPhase section */

/* Begin PBXGroup section */
		700F27C121127B46009FE158 = {
			isa = PBXGroup;
			children = (
				700F27CC21127B46009FE158 /* ios_sample */,
				700F27E121127B49009FE158 /* ios_sampleTests */,
				700F27EC21127B49009FE158 /* ios_sampleUITests */,
				700F27CB21127B46009FE158 /* Products */,
			);
			sourceTree = "<group>";
		};
		700F27CB21127B46009FE158 /* Products */ = {
			isa = PBXGroup;
			children = (
				700F27CA21127B46009FE158 /* ios_sample.app */,
				700F27DE21127B49009FE158 /* ios_sampleTests.xctest */,
				700F27E921127B49009FE158 /* ios_sampleUITests.xctest */,
			);
			name = Products;
			sourceTree = "<group>";
		};
		700F27CC21127B46009FE158 /* ios_sample */ = {
			isa = PBXGroup;
			children = (
				700F27CD21127B46009FE158 /* AppDelegate.swift */,
				700F27CF21127B46009FE158 /* ViewController.swift */,
				700F27D121127B46009FE158 /* Main.storyboard */,
				700F27D421127B49009FE158 /* Assets.xcassets */,
				700F27D621127B49009FE158 /* LaunchScreen.storyboard */,
				700F27D921127B49009FE158 /* Info.plist */,
			);
			path = ios_sample;
			sourceTree = "<group>";
		};
		700F27E121127B49009FE158 /* ios_sampleTests */ = {
			isa = PBXGroup;
			children = (
				700F27E221127B49009FE158 /* ios_sampleTests.swift */,
				700F27E421127B49009FE158 /* Info.plist */,
			);
			path = ios_sampleTests;
			sourceTree = "<group>";
		};
		700F27EC21127B49009FE158 /* ios_sampleUITests */ = {
			isa = PBXGroup;
			children = (
				700F27ED21127B49009FE158 /* ios_sampleUITests.swift */,
				700F27EF21127B49009FE158 /* Info.plist */,
			);
			path = ios_sampleUITests;
			sourceTree = "<group>";
		};
/* End PBXGroup section */

/* Begin PBXNativeTarget section */
		700F27C921127B46009FE158 /* ios_sample */ = {
			isa = PBXNativeTarget;
			buildConfigurationList = 700F27F221127B49009FE158 /* Build configuration list for PBXNativeTarget "ios_sample" */;
			buildPhases = (
				700F27C621127B46009FE158 /* Sources */,
				700F27C721127B46009FE158 /* Frameworks */,
				700F27C821127B46009FE158 /* Resources */,
			);
			buildRules = (
			);
			dependencies = (
			);
			name = ios_sample;
			productName = ios_sample;
			productReference = 700F27CA21127B46009FE158 /* ios_sample.app */;
			productType = "com.apple.product-type.application";
		};
		700F27DD21127B49009FE158 /* ios_sampleTests */ = {
			isa = PBXNativeTarget;
			buildConfigurationList = 700F27F521127B49009FE158 /* Build configuration list for PBXNativeTarget "ios_sampleTests" */;
			buildPhases = (
				700F27DA21127B49009FE158 /* Sources */,
				700F27DB21127B49009FE158 /* Frameworks */,
				700F27DC21127B49009FE158 /* Resources */,
			);
			buildRules = (
			);
			dependencies = (
				700F27E021127B49009FE158 /* PBXTargetDependency */,
			);
			name = ios_sampleTests;
			productName = ios_sampleTests;
			productReference = 700F27DE21127B49009FE158 /* ios_sampleTests.xctest */;
			productType = "com.apple.product-type.bundle.unit-test";
		};
		700F27E821127B49009FE158 /* ios_sampleUITests */ = {
			isa = PBXNativeTarget;
			buildConfigurationList = 700F27F821127B49009FE158 /* Build configuration list for PBXNativeTarget "ios_sampleUITests" */;
			buildPhases = (
				700F27E521127B49009FE158 /* Sources */,
				700F27E621127B49009FE158 /* Frameworks */,
				700F27E721127B49009FE158 /* Resources */,
			);
			buildRules = (
			);
			dependencies = (
				700F27EB21127B49009FE158 /* PBXTargetDependency */,
			);
			name = ios_sampleUITests;
			productName = ios_sampleUITests;
			productReference = 700F27E921127B49009FE158 /* ios_sampleUITests.xctest */;
			productType = "com.apple.product-type.bundle.ui-testing";
		};
/* End PBXNativeTarget section */

/* Begin PBXProject section */
		700F27C221127B46009FE158 /* Project object */ = {
			isa = PBXProject;
			attributes = {
				LastSwiftUpdateCheck = 0940;
				LastUpgradeCheck = 0940;
				ORGANIZATIONNAME = hiratama;
				TargetAttributes = {
					700F27C921127B46009FE158 = {
						CreatedOnToolsVersion = 9.4.1;
					};
					700F27DD21127B49009FE158 = {
						CreatedOnToolsVersion = 9.4.1;
						TestTargetID = 700F27C921127B46009FE158;
					};
					700F27E821127B49009FE158 = {
						CreatedOnToolsVersion = 9.4.1;
						TestTargetID = 700F27C921127B46009FE158;
					};
				};
			};
			buildConfigurationList = 700F27C521127B46009FE158 /* Build configuration list for PBXProject "ios_sample" */;
			compatibilityVersion = "Xcode 9.3";
			developmentRegion = en;
			hasScannedForEncodings = 0;
			knownRegions = (
				en,
				Base,
			);
			mainGroup = 700F27C121127B46009FE158;
			productRefGroup = 700F27CB21127B46009FE158 /* Products */;
			projectDirPath = "";
			projectRoot = "";
			targets = (
				700F27C921127B46009FE158 /* ios_sample */,
				700F27DD21127B49009FE158 /* ios_sampleTests */,
				700F27E821127B49009FE158 /* ios_sampleUITests */,
			);
		};
/* End PBXProject section */

/* Begin PBXResourcesBuildPhase section */
		700F27C821127B46009FE158 /* Resources */ = {
			isa = PBXResourcesBuildPhase;
			buildActionMask = 2147483647;
			files = (
				700F27D821127B49009FE158 /* LaunchScreen.storyboard in Resources */,
				700F27D521127B49009FE158 /* Assets.xcassets in Resources */,
				700F27D321127B46009FE158 /* Main.storyboard in Resources */,
			);
			runOnlyForDeploymentPostprocessing = 0;
		};
		700F27DC21127B49009FE158 /* Resources */ = {
			isa = PBXResourcesBuildPhase;
			buildActionMask = 2147483647;
			files = (
			);
			runOnlyForDeploymentPostprocessing = 0;
		};
		700F27E721127B49009FE158 /* Resources */ = {
			isa = PBXResourcesBuildPhase;
			buildActionMask = 2147483647;
			files = (
			);
			runOnlyForDeploymentPostprocessing = 0;
		};
/* End PBXResourcesBuildPhase section */

/* Begin PBXSourcesBuildPhase section */
		700F27C621127B46009FE158 /* Sources */ = {
			isa = PBXSourcesBuildPhase;
			buildActionMask = 2147483647;
			files = (
				700F27D021127B46009FE158 /* ViewController.swift in Sources */,
				700F27CE21127B46009FE158 /* AppDelegate.swift in Sources */,
			);
			runOnlyForDeploymentPostprocessing = 0;
		};
		700F27DA21127B49009FE158 /* Sources */ = {
			isa = PBXSourcesBuildPhase;
			buildActionMask = 2147483647;
			files = (
				700F27E321127B49009FE158 /* ios_sampleTests.swift in Sources */,
			);
			runOnlyForDeploymentPostprocessing = 0;
		};
		700F27E521127B49009FE158 /* Sources */ = {
			isa = PBXSourcesBuildPhase;
			buildActionMask = 2147483647;
			files = (
				700F27EE21127B49009FE158 /* ios_sampleUITests.swift in Sources */,
			);
			runOnlyForDeploymentPostprocessing = 0;
		};
/* End PBXSourcesBuildPhase section */

/* Begin PBXTargetDependency section */
		700F27E021127B49009FE158 /* PBXTargetDependency */ = {
			isa = PBXTargetDependency;
			target = 700F27C921127B46009FE158 /* ios_sample */;
			targetProxy = 700F27DF21127B49009FE158 /* PBXContainerItemProxy */;
		};
		700F27EB21127B49009FE158 /* PBXTargetDependency */ = {
			isa = PBXTargetDependency;
			target = 700F27C921127B46009FE158 /* ios_sample */;
			targetProxy = 700F27EA21127B49009FE158 /* PBXContainerItemProxy */;
		};
/* End PBXTargetDependency section */

/* Begin PBXVariantGroup section */
		700F27D121127B46009FE158 /* Main.storyboard */ = {
			isa = PBXVariantGroup;
			children = (
				700F27D221127B46009FE158 /* Base */,
			);
			name = Main.storyboard;
			sourceTree = "<group>";
		};
		700F27D621127B49009FE158 /* LaunchScreen.storyboard */ = {
			isa = PBXVariantGroup;
			children = (
				700F27D721127B49009FE158 /* Base */,
			);
			name = LaunchScreen.storyboard;
			sourceTree = "<group>";
		};
/* End PBXVariantGroup section */

/* Begin XCBuildConfiguration section */
		700F27F021127B49009FE158 /* Debug */ = {
			isa = XCBuildConfiguration;
			buildSettings = {
				ALWAYS_SEARCH_USER_PATHS = NO;
				CLANG_ANALYZER_NONNULL = YES;
				CLANG_ANALYZER_NUMBER_OBJECT_CONVERSION = YES_AGGRESSIVE;
				CLANG_CXX_LANGUAGE_STANDARD = "gnu++14";
				CLANG_CXX_LIBRARY = "libc++";
				CLANG_ENABLE_MODULES = YES;
				CLANG_ENABLE_OBJC_ARC = YES;
				CLANG_ENABLE_OBJC_WEAK = YES;
				CLANG_WARN_BLOCK_CAPTURE_AUTORELEASING = YES;
				CLANG_WARN_BOOL_CONVERSION = YES;
				CLANG_WARN_COMMA = YES;
				CLANG_WARN_CONSTANT_CONVERSION = YES;
				CLANG_WARN_DEPRECATED_OBJC_IMPLEMENTATIONS = YES;
				CLANG_WARN_DIRECT_OBJC_ISA_USAGE = YES_ERROR;
				CLANG_WARN_DOCUMENTATION_COMMENTS = YES;
				CLANG_WARN_EMPTY_BODY = YES;
				CLANG_WARN_ENUM_CONVERSION = YES;
				CLANG_WARN_INFINITE_RECURSION = YES;
				CLANG_WARN_INT_CONVERSION = YES;
				CLANG_WARN_NON_LITERAL_NULL_CONVERSION = YES;
				CLANG_WARN_OBJC_IMPLICIT_RETAIN_SELF = YES;
				CLANG_WARN_OBJC_LITERAL_CONVERSION = YES;
				CLANG_WARN_OBJC_ROOT_CLASS = YES_ERROR;
				CLANG_WARN_RANGE_LOOP_ANALYSIS = YES;
				CLANG_WARN_STRICT_PROTOTYPES = YES;
				CLANG_WARN_SUSPICIOUS_MOVE = YES;
				CLANG_WARN_UNGUARDED_AVAILABILITY = YES_AGGRESSIVE;
				CLANG_WARN_UNREACHABLE_CODE = YES;
				CLANG_WARN__DUPLICATE_METHOD_MATCH = YES;
				CODE_SIGN_IDENTITY = "iPhone Developer";
				COPY_PHASE_STRIP = NO;
				DEBUG_INFORMATION_FORMAT = dwarf;
				ENABLE_STRICT_OBJC_MSGSEND = YES;
				ENABLE_TESTABILITY = YES;
				GCC_C_LANGUAGE_STANDARD = gnu11;
				GCC_DYNAMIC_NO_PIC = NO;
				GCC_NO_COMMON_BLOCKS = YES;
				GCC_OPTIMIZATION_LEVEL = 0;
				GCC_PREPROCESSOR_DEFINITIONS = (
					"DEBUG=1",
					"$(inherited)",
				);
				GCC_WARN_64_TO_32_BIT_CONVERSION = YES;
				GCC_WARN_ABOUT_RETURN_TYPE = YES_ERROR;
				GCC_WARN_UNDECLARED_SELECTOR = YES;
				GCC_WARN_UNINITIALIZED_AUTOS = YES_AGGRESSIVE;
				GCC_WARN_UNUSED_FUNCTION = YES;
				GCC_WARN_UNUSED_VARIABLE = YES;
				IPHONEOS_DEPLOYMENT_TARGET = 11.4;
				MTL_ENABLE_DEBUG_INFO = YES;
				ONLY_ACTIVE_ARCH = YES;
				SDKROOT = iphoneos;
				SWIFT_ACTIVE_COMPILATION_CONDITIONS = DEBUG;
				SWIFT_OPTIMIZATION_LEVEL = "-Onone";
			};
			name = Debug;
		};
		700F27F121127B49009FE158 /* Release */ = {
			isa = XCBuildConfiguration;
			buildSettings = {
				ALWAYS_SEARCH_USER_PATHS = NO;
				CLANG_ANALYZER_NONNULL = YES;
				CLANG_ANALYZER_NUMBER_OBJECT_CONVERSION = YES_AGGRESSIVE;
				CLANG_CXX_LANGUAGE_STANDARD = "gnu++14";
				CLANG_CXX_LIBRARY = "libc++";
				CLANG_ENABLE_MODULES = YES;
				CLANG_ENABLE_OBJC_ARC = YES;
				CLANG_ENABLE_OBJC_WEAK = YES;
				CLANG_WARN_BLOCK_CAPTURE_AUTORELEASING = YES;
				CLANG_WARN_BOOL_CONVERSION = YES;
				CLANG_WARN_COMMA = YES;
				CLANG_WARN_CONSTANT_CONVERSION = YES;
				CLANG_WARN_DEPRECATED_OBJC_IMPLEMENTATIONS = YES;
				CLANG_WARN_DIRECT_OBJC_ISA_USAGE = YES_ERROR;
				CLANG_WARN_DOCUMENTATION_COMMENTS = YES;
				CLANG_WARN_EMPTY_BODY = YES;
				CLANG_WARN_ENUM_CONVERSION = YES;
				CLANG_WARN_INFINITE_RECURSION = YES;
				CLANG_WARN_INT_CONVERSION = YES;
				CLANG_WARN_NON_LITERAL_NULL_CONVERSION = YES;
				CLANG_WARN_OBJC_IMPLICIT_RETAIN_SELF = YES;
				CLANG_WARN_OBJC_LITERAL_CONVERSION = YES;
				CLANG_WARN_OBJC_ROOT_CLASS = YES_ERROR;
				CLANG_WARN_RANGE_LOOP_ANALYSIS = YES;
				CLANG_WARN_STRICT_PROTOTYPES = YES;
				CLANG_WARN_SUSPICIOUS_MOVE = YES;
				CLANG_WARN_UNGUARDED_AVAILABILITY = YES_AGGRESSIVE;
				CLANG_WARN_UNREACHABLE_CODE = YES;
				CLANG_WARN__DUPLICATE_METHOD_MATCH = YES;
				CODE_SIGN_IDENTITY = "iPhone Developer";
				COPY_PHASE_STRIP = NO;
				DEBUG_INFORMATION_FORMAT = "dwarf-with-dsym";
				ENABLE_NS_ASSERTIONS = NO;
				ENABLE_STRICT_OBJC_MSGSEND = YES;
				GCC_C_LANGUAGE_STANDARD = gnu11;
				GCC_NO_COMMON_BLOCKS = YES;
				GCC_WARN_64_TO_32_BIT_CONVERSION = YES;
				GCC_WARN_ABOUT_RETURN_TYPE = YES_ERROR;
				GCC_WARN_UNDECLARED_SELECTOR = YES;
				GCC_WARN_UNINITIALIZED_AUTOS = YES_AGGRESSIVE;
				GCC_WARN_UNUSED_FUNCTION = YES;
				GCC_WARN_UNUSED_VARIABLE = YES;
				IPHONEOS_DEPLOYMENT_TARGET = 11.4;
				MTL_ENABLE_DEBUG_INFO = NO;
				SDKROOT = iphoneos;
				SWIFT_COMPILATION_MODE = wholemodule;
				SWIFT_OPTIMIZATION_LEVEL = "-O";
				VALIDATE_PRODUCT = YES;
			};
			name = Release;
		};
		700F27F321127B49009FE158 /* Debug */ = {
			isa = XCBuildConfiguration;
			buildSettings = {
				ASSETCATALOG_COMPILER_APPICON_NAME = AppIcon;
				CODE_SIGN_STYLE = Automatic;
				DEVELOPMENT_TEAM = TX7N88DWF3;
				INFOPLIST_FILE = ios_sample/Info.plist;
				LD_RUNPATH_SEARCH_PATHS = (
					"$(inherited)",
					"@executable_path/Frameworks",
				);
				PRODUCT_BUNDLE_IDENTIFIER = "com.example.ios-sample";
				PRODUCT_NAME = "$(TARGET_NAME)";
				SWIFT_VERSION = 4.0;
				TARGETED_DEVICE_FAMILY = "1,2";
			};
			name = Debug;
		};
		700F27F421127B49009FE158 /* Release */ = {
			isa = XCBuildConfiguration;
			buildSettings = {
				ASSETCATALOG_COMPILER_APPICON_NAME = AppIcon;
				CODE_SIGN_STYLE = Automatic;
				DEVELOPMENT_TEAM = TX7N88DWF3;
				INFOPLIST_FILE = ios_sample/Info.plist;
				LD_RUNPATH_SEARCH_PATHS = (
					"$(inherited)",
					"@executable_path/Frameworks",
				);
				PRODUCT_BUNDLE_IDENTIFIER = "com.example.ios-sample";
				PRODUCT_NAME = "$(TARGET_NAME)";
				SWIFT_VERSION = 4.0;
				TARGETED_DEVICE_FAMILY = "1,2";
			};
			name = Release;
		};
		700F27F621127B49009FE158 /* Debug */ = {
			isa = XCBuildConfiguration;
			buildSettings = {
				ALWAYS_EMBED_SWIFT_STANDARD_LIBRARIES = YES;
				BUNDLE_LOADER = "$(TEST_HOST)";
				CODE_SIGN_STYLE = Automatic;
				DEVELOPMENT_TEAM = TX7N88DWF3;
				INFOPLIST_FILE = ios_sampleTests/Info.plist;
				LD_RUNPATH_SEARCH_PATHS = (
					"$(inherited)",
					"@executable_path/Frameworks",
					"@loader_path/Frameworks",
				);
				PRODUCT_BUNDLE_IDENTIFIER = "com.example.ios-sampleTests";
				PRODUCT_NAME = "$(TARGET_NAME)";
				SWIFT_VERSION = 4.0;
				TARGETED_DEVICE_FAMILY = "1,2";
				TEST_HOST = "$(BUILT_PRODUCTS_DIR)/ios_sample.app/ios_sample";
			};
			name = Debug;
		};
		700F27F721127B49009FE158 /* Release */ = {
			isa = XCBuildConfiguration;
			buildSettings = {
				ALWAYS_EMBED_SWIFT_STANDARD_LIBRARIES = YES;
				BUNDLE_LOADER = "$(TEST_HOST)";
				CODE_SIGN_STYLE = Automatic;
				DEVELOPMENT_TEAM = TX7N88DWF3;
				INFOPLIST_FILE = ios_sampleTests/Info.plist;
				LD_RUNPATH_SEARCH_PATHS = (
					"$(inherited)",
					"@executable_path/Frameworks",
					"@loader_path/Frameworks",
				);
				PRODUCT_BUNDLE_IDENTIFIER = "com.example.ios-sampleTests";
				PRODUCT_NAME = "$(TARGET_NAME)";
				SWIFT_VERSION = 4.0;
				TARGETED_DEVICE_FAMILY = "1,2";
				TEST_HOST = "$(BUILT_PRODUCTS_DIR)/ios_sample.app/ios_sample";
			};
			name = Release;
		};
		700F27F921127B49009FE158 /* Debug */ = {
			isa = XCBuildConfiguration;
			buildSettings = {
				ALWAYS_EMBED_SWIFT_STANDARD_LIBRARIES = YES;
				CODE_SIGN_STYLE = Automatic;
				DEVELOPMENT_TEAM = TX7N88DWF3;
				INFOPLIST_FILE = ios_sampleUITests/Info.plist;
				LD_RUNPATH_SEARCH_PATHS = (
					"$(inherited)",
					"@executable_path/Frameworks",
					"@loader_path/Frameworks",
				);
				PRODUCT_BUNDLE_IDENTIFIER = "com.example.ios-sampleUITests";
				PRODUCT_NAME = "$(TARGET_NAME)";
				SWIFT_VERSION = 4.0;
				TARGETED_DEVICE_FAMILY = "1,2";
				TEST_TARGET_NAME = ios_sample;
			};
			name = Debug;
		};
		700F27FA21127B49009FE158 /* Release */ = {
			isa = XCBuildConfiguration;
			buildSettings = {
				ALWAYS_EMBED_SWIFT_STANDARD_LIBRARIES = YES;
				CODE_SIGN_STYLE = Automatic;
				DEVELOPMENT_TEAM = TX7N88DWF3;
				INFOPLIST_FILE = ios_sampleUITests/Info.plist;
				LD_RUNPATH_SEARCH_PATHS = (
					"$(inherited)",
					"@executable_path/Frameworks",
					"@loader_path/Frameworks",
				);
				PRODUCT_BUNDLE_IDENTIFIER = "com.example.ios-sampleUITests";
				PRODUCT_NAME = "$(TARGET_NAME)";
				SWIFT_VERSION = 4.0;
				TARGETED_DEVICE_FAMILY = "1,2";
				TEST_TARGET_NAME = ios_sample;
			};
			name = Release;
		};
/* End XCBuildConfiguration section */

/* Begin XCConfigurationList section */
		700F27C521127B46009FE158 /* Build configuration list for PBXProject "ios_sample" */ = {
			isa = XCConfigurationList;
			buildConfigurations = (
				700F27F021127B49009FE158 /* Debug */,
				700F27F121127B49009FE158 /* Release */,
			);
			defaultConfigurationIsVisible = 0;
			defaultConfigurationName = Release;
		};
		700F27F221127B49009FE158 /* Build configuration list for PBXNativeTarget "ios_sample" */ = {
			isa = XCConfigurationList;
			buildConfigurations = (
				700F27F321127B49009FE158 /* Debug */,
				700F27F421127B49009FE158 /* Release */,
			);
			defaultConfigurationIsVisible = 0;
			defaultConfigurationName = Release;
		};
		700F27F521127B49009FE158 /* Build configuration list for PBXNativeTarget "ios_sampleTests" */ = {
			isa = XCConfigurationList;
			buildConfigurations = (
				700F27F621127B49009FE158 /* Debug */,
				700F27F721127B49009FE158 /* Release */,
			);
			defaultConfigurationIsVisible = 0;
			defaultConfigurationName = Release;
		};
		700F27F821127B49009FE158 /* Build configuration list for PBXNativeTarget "ios_sampleUITests" */ = {
			isa = XCConfigurationList;
			buildConfigurations = (
				700F27F921127B49009FE158 /* Debug */,
				700F27FA21127B49009FE158 /* Release */,
			);
			defaultConfigurationIsVisible = 0;
			defaultConfigurationName = Release;
		};
/* End XCConfigurationList section */
	};
	rootObject = 700F27C221127B46009FE158 /* Project object */;
}
